
Microsoft Visual Studio Solution File, Format Version 12.00
# Visual Studio Version 17
VisualStudioVersion = 17.4.33110.190
MinimumVisualStudioVersion = 10.0.40219.1
Project("{FAE04EC0-301F-11D3-BF4B-00C04F79EFBC}") = "Clases abstractas", "Clases abstractas\Clases abstractas.csproj", "{79C9F567-D81F-475F-A224-1563D22FA44D}"
EndProject
Global
	GlobalSection(SolutionConfigurationPlatforms) = preSolution
		Debug|Any CPU = Debug|Any CPU
		Release|Any CPU = Release|Any CPU
	EndGlobalSection
	GlobalSection(ProjectConfigurationPlatforms) = postSolution
		{79C9F567-D81F-475F-A224-1563D22FA44D}.Debug|Any CPU.ActiveCfg = Debug|Any CPU
		{79C9F567-D81F-475F-A224-1563D22FA44D}.Debug|Any CPU.Build.0 = Debug|Any CPU
		{79C9F567-D81F-475F-A224-1563D22FA44D}.Release|Any CPU.ActiveCfg = Release|Any CPU
		{79C9F567-D81F-475F-A224-1563D22FA44D}.Release|Any CPU.Build.0 = Release|Any CPU
	EndGlobalSection
	GlobalSection(SolutionProperties) = preSolution
		HideSolutionNode = FALSE
	EndGlobalSection
	GlobalSection(ExtensibilityGlobals) = postSolution
		SolutionGuid = {E94A2D89-EA7A-4E20-8B72-42FDE0305624}
	EndGlobalSection
EndGlobal
